{
  "originHash" : "4ee94fb436c3928835a48f102cf20ed9d92d7e1b309f6b72b68a835887b8175c",
  "pins" : [
    {
      "identity" : "alamofire",
      "kind" : "remoteSourceControl",
      "location" : "https://github.com/Alamofire/Alamofire",
      "state" : {
        "revision" : "7be73f6c2b5cd90e40798b06ebd5da8f9f79cf88",
        "version" : "5.11.0"
      }
    },
    {
      "identity" : "anycodable",
      "kind" : "remoteSourceControl",
      "location" : "https://github.com/Flight-School/AnyCodable",
      "state" : {
        "revision" : "862808b2070cd908cb04f9aafe7de83d35f81b05",
        "version" : "0.6.7"
      }
    },
    {
      "identity" : "aria2kit",
      "kind" : "remoteSourceControl",
      "location" : "https://github.com/baptistecdr/Aria2Kit",
      "state" : {
        "revision" : "fef4c1eb3b93f349bf30c0a43564ca1b9a5b4b37",
        "version" : "1.0.4"
      }
    },
    {
      "identity" : "launchatlogin-modern",
      "kind" : "remoteSourceControl",
      "location" : "https://github.com/sindresorhus/LaunchAtLogin-Modern",
      "state" : {
        "revision" : "a04ec1c363be3627734f6dad757d82f5d4fa8fcc",
        "version" : "1.1.0"
      }
    },
    {
      "identity" : "sparkle",
      "kind" : "remoteSourceControl",
      "location" : "https://github.com/sparkle-project/Sparkle",
      "state" : {
        "revision" : "21d8df80440b1ca3b65fa82e40782f1e5a9e6ba2",
        "version" : "2.9.0"
      }
    }
  ],
  "version" : 3
}
